// !$*UTF8*$!
{
	archiveVersion = 1;
	classes = {
	};
	objectVersion = 55;
	objects = {

/* Begin PBXBuildFile section */
		A9BA0D9374E4AA97C61ACA8A /* Pods_RUNSAPP.framework in Frameworks */ = {isa = PBXBuildFile; fileRef = 1D01FA04A88B8797C3F9EE13 /* Pods_RUNSAPP.framework */; };
		AF17FE572817B6AC00261AA8 /* CoachingPlan0ViewController.swift in Sources */ = {isa = PBXBuildFile; fileRef = AF17FE562817B6AC00261AA8 /* CoachingPlan0ViewController.swift */; };
		AF598DCF2816968500DA3589 /* AppDelegate.swift in Sources */ = {isa = PBXBuildFile; fileRef = AF598DCE2816968500DA3589 /* AppDelegate.swift */; };
		AF598DD12816968500DA3589 /* SceneDelegate.swift in Sources */ = {isa = PBXBuildFile; fileRef = AF598DD02816968500DA3589 /* SceneDelegate.swift */; };
		AF598DD32816968500DA3589 /* ViewController.swift in Sources */ = {isa = PBXBuildFile; fileRef = AF598DD22816968500DA3589 /* ViewController.swift */; };
		AF598DE62816968600DA3589 /* RUNSAPPTests.swift in Sources */ = {isa = PBXBuildFile; fileRef = AF598DE52816968600DA3589 /* RUNSAPPTests.swift */; };
		AF598DF02816968600DA3589 /* RUNSAPPUITests.swift in Sources */ = {isa = PBXBuildFile; fileRef = AF598DEF2816968600DA3589 /* RUNSAPPUITests.swift */; };
		AF598DF22816968600DA3589 /* RUNSAPPUITestsLaunchTests.swift in Sources */ = {isa = PBXBuildFile; fileRef = AF598DF12816968600DA3589 /* RUNSAPPUITestsLaunchTests.swift */; };
		AF598E26281696AB00DA3589 /* ApplyListTableViewCell.swift in Sources */ = {isa = PBXBuildFile; fileRef = AF598E00281696AA00DA3589 /* ApplyListTableViewCell.swift */; };
		AF598E27281696AB00DA3589 /* ApplyListViewController.swift in Sources */ = {isa = PBXBuildFile; fileRef = AF598E01281696AA00DA3589 /* ApplyListViewController.swift */; };
		AF598E28281696AB00DA3589 /* SelectedApplyListEditViewController.swift in Sources */ = {isa = PBXBuildFile; fileRef = AF598E02281696AA00DA3589 /* SelectedApplyListEditViewController.swift */; };
		AF598E29281696AB00DA3589 /* SelectedApplyListViewController.swift in Sources */ = {isa = PBXBuildFile; fileRef = AF598E03281696AA00DA3589 /* SelectedApplyListViewController.swift */; };
		AF598E2A281696AB00DA3589 /* ResultViewController.swift in Sources */ = {isa = PBXBuildFile; fileRef = AF598E05281696AA00DA3589 /* ResultViewController.swift */; };
		AF598E2B281696AB00DA3589 /* ApplyFormViewController.swift in Sources */ = {isa = PBXBuildFile; fileRef = AF598E06281696AA00DA3589 /* ApplyFormViewController.swift */; };
		AF598E2C281696AB00DA3589 /* MemberRegistViewController.swift in Sources */ = {isa = PBXBuildFile; fileRef = AF598E08281696AA00DA3589 /* MemberRegistViewController.swift */; };
		AF598E2D281696AB00DA3589 /* MemberAuthViewController.swift in Sources */ = {isa = PBXBuildFile; fileRef = AF598E09281696AA00DA3589 /* MemberAuthViewController.swift */; };
		AF598E2E281696AB00DA3589 /* RootHome1ViewController.swift in Sources */ = {isa = PBXBuildFile; fileRef = AF598E0B281696AA00DA3589 /* RootHome1ViewController.swift */; };
		AF598E2F281696AB00DA3589 /* RootHome0ViewController.swift in Sources */ = {isa = PBXBuildFile; fileRef = AF598E0C281696AA00DA3589 /* RootHome0ViewController.swift */; };
		AF598E30281696AB00DA3589 /* ApplyUserRuleViewController.swift in Sources */ = {isa = PBXBuildFile; fileRef = AF598E0E281696AA00DA3589 /* ApplyUserRuleViewController.swift */; };
		AF598E31281696AB00DA3589 /* CoachingPlan2ViewController.swift in Sources */ = {isa = PBXBuildFile; fileRef = AF598E0F281696AA00DA3589 /* CoachingPlan2ViewController.swift */; };
		AF598E32281696AB00DA3589 /* ApplyRootTopViewController.swift in Sources */ = {isa = PBXBuildFile; fileRef = AF598E10281696AA00DA3589 /* ApplyRootTopViewController.swift */; };
		AF598E33281696AB00DA3589 /* ApplyTopViewController.swift in Sources */ = {isa = PBXBuildFile; fileRef = AF598E11281696AA00DA3589 /* ApplyTopViewController.swift */; };
		AF598E34281696AB00DA3589 /* CoachingPlan1ViewController.swift in Sources */ = {isa = PBXBuildFile; fileRef = AF598E12281696AA00DA3589 /* CoachingPlan1ViewController.swift */; };
		AF598E35281696AB00DA3589 /* MenuTableViewCell.swift in Sources */ = {isa = PBXBuildFile; fileRef = AF598E14281696AB00DA3589 /* MenuTableViewCell.swift */; };
		AF598E36281696AB00DA3589 /* ProfileEditViewController.swift in Sources */ = {isa = PBXBuildFile; fileRef = AF598E15281696AB00DA3589 /* ProfileEditViewController.swift */; };
		AF598E37281696AB00DA3589 /* AppRuleViewController.swift in Sources */ = {isa = PBXBuildFile; fileRef = AF598E16281696AB00DA3589 /* AppRuleViewController.swift */; };
		AF598E38281696AB00DA3589 /* MeetingInfoViewController.swift in Sources */ = {isa = PBXBuildFile; fileRef = AF598E17281696AB00DA3589 /* MeetingInfoViewController.swift */; };
		AF598E39281696AB00DA3589 /* ProfileViewController.swift in Sources */ = {isa = PBXBuildFile; fileRef = AF598E18281696AB00DA3589 /* ProfileViewController.swift */; };
		AF598E3A281696AB00DA3589 /* CoachListTableViewCell.swift in Sources */ = {isa = PBXBuildFile; fileRef = AF598E19281696AB00DA3589 /* CoachListTableViewCell.swift */; };
		AF598E3B281696AB00DA3589 /* CoachListViewController.swift in Sources */ = {isa = PBXBuildFile; fileRef = AF598E1A281696AB00DA3589 /* CoachListViewController.swift */; };
		AF598E3C281696AB00DA3589 /* MenuViewController.swift in Sources */ = {isa = PBXBuildFile; fileRef = AF598E1B281696AB00DA3589 /* MenuViewController.swift */; };
		AF598E3D281696AB00DA3589 /* MeetingInfoTableViewCell.swift in Sources */ = {isa = PBXBuildFile; fileRef = AF598E1C281696AB00DA3589 /* MeetingInfoTableViewCell.swift */; };
		AF598E3E281696AB00DA3589 /* ChatFormViewController.swift in Sources */ = {isa = PBXBuildFile; fileRef = AF598E1E281696AB00DA3589 /* ChatFormViewController.swift */; };
		AF598E3F281696AB00DA3589 /* ChatListTableViewCell.swift in Sources */ = {isa = PBXBuildFile; fileRef = AF598E1F281696AB00DA3589 /* ChatListTableViewCell.swift */; };
		AF598E40281696AB00DA3589 /* ChatListViewController.swift in Sources */ = {isa = PBXBuildFile; fileRef = AF598E20281696AB00DA3589 /* ChatListViewController.swift */; };
		AF598E41281696AB00DA3589 /* ChatInputAccessoryView.swift in Sources */ = {isa = PBXBuildFile; fileRef = AF598E21281696AB00DA3589 /* ChatInputAccessoryView.swift */; };
		AF598E43281696AB00DA3589 /* SelectedChatListTableViewCell.swift in Sources */ = {isa = PBXBuildFile; fileRef = AF598E23281696AB00DA3589 /* SelectedChatListTableViewCell.swift */; };
		AF598E44281696AB00DA3589 /* SelectedChatListViewController.swift in Sources */ = {isa = PBXBuildFile; fileRef = AF598E24281696AB00DA3589 /* SelectedChatListViewController.swift */; };
		AF9E8B942817B18A00D22ED3 /* Main.storyboard in Resources */ = {isa = PBXBuildFile; fileRef = AF598DD42816968500DA3589 /* Main.storyboard */; };
		AF9E8B952817B18A00D22ED3 /* Assets.xcassets in Resources */ = {isa = PBXBuildFile; fileRef = AF598DD72816968600DA3589 /* Assets.xcassets */; };
		AF9E8B962817B18A00D22ED3 /* LaunchScreen.storyboard in Resources */ = {isa = PBXBuildFile; fileRef = AF598DD92816968600DA3589 /* LaunchScreen.storyboard */; };
		AF9E8B972817B18A00D22ED3 /* GoogleService-Info.plist in Resources */ = {isa = PBXBuildFile; fileRef = AF9E8B862817AF7800D22ED3 /* GoogleService-Info.plist */; };
		AF9E8B982817B18A00D22ED3 /* RatingViewController.xib in Resources */ = {isa = PBXBuildFile; fileRef = AF598DFF281696AA00DA3589 /* RatingViewController.xib */; };
		AF9E8B992817B18A00D22ED3 /* ChatInputAccessoryView.xib in Resources */ = {isa = PBXBuildFile; fileRef = AF598E22281696AB00DA3589 /* ChatInputAccessoryView.xib */; };
		AFB3AC912816AA3C003E2969 /* RatingViewController.swift in Sources */ = {isa = PBXBuildFile; fileRef = AFB3AC902816AA3C003E2969 /* RatingViewController.swift */; };
/* End PBXBuildFile section */

/* Begin PBXContainerItemProxy section */
		AF598DE22816968600DA3589 /* PBXContainerItemProxy */ = {
			isa = PBXContainerItemProxy;
			containerPortal = AF598DC32816968500DA3589 /* Project object */;
			proxyType = 1;
			remoteGlobalIDString = AF598DCA2816968500DA3589;
			remoteInfo = RUNSAPP;
		};
		AF598DEC2816968600DA3589 /* PBXContainerItemProxy */ = {
			isa = PBXContainerItemProxy;
			containerPortal = AF598DC32816968500DA3589 /* Project object */;
			proxyType = 1;
			remoteGlobalIDString = AF598DCA2816968500DA3589;
			remoteInfo = RUNSAPP;
		};
/* End PBXContainerItemProxy section */

/* Begin PBXFileReference section */
		1D01FA04A88B8797C3F9EE13 /* Pods_RUNSAPP.framework */ = {isa = PBXFileReference; explicitFileType = wrapper.framework; includeInIndex = 0; path = Pods_RUNSAPP.framework; sourceTree = BUILT_PRODUCTS_DIR; };
		5C0B4FA03D72FBD0A552FF29 /* Pods-RUNSAPP.debug.xcconfig */ = {isa = PBXFileReference; includeInIndex = 1; lastKnownFileType = text.xcconfig; name = "Pods-RUNSAPP.debug.xcconfig"; path = "Target Support Files/Pods-RUNSAPP/Pods-RUNSAPP.debug.xcconfig"; sourceTree = "<group>"; };
		6436BF8281202FDC4409555D /* Pods-RUNSAPP.release.xcconfig */ = {isa = PBXFileReference; includeInIndex = 1; lastKnownFileType = text.xcconfig; name = "Pods-RUNSAPP.release.xcconfig"; path = "Target Support Files/Pods-RUNSAPP/Pods-RUNSAPP.release.xcconfig"; sourceTree = "<group>"; };
		AF17FE562817B6AC00261AA8 /* CoachingPlan0ViewController.swift */ = {isa = PBXFileReference; lastKnownFileType = sourcecode.swift; path = CoachingPlan0ViewController.swift; sourceTree = "<group>"; };
		AF598DCB2816968500DA3589 /* RUNSAPP.app */ = {isa = PBXFileReference; explicitFileType = wrapper.application; includeInIndex = 0; path = RUNSAPP.app; sourceTree = BUILT_PRODUCTS_DIR; };
		AF598DCE2816968500DA3589 /* AppDelegate.swift */ = {isa = PBXFileReference; lastKnownFileType = sourcecode.swift; path = AppDelegate.swift; sourceTree = "<group>"; };
		AF598DD02816968500DA3589 /* SceneDelegate.swift */ = {isa = PBXFileReference; lastKnownFileType = sourcecode.swift; path = SceneDelegate.swift; sourceTree = "<group>"; };
		AF598DD22816968500DA3589 /* ViewController.swift */ = {isa = PBXFileReference; lastKnownFileType = sourcecode.swift; path = ViewController.swift; sourceTree = "<group>"; };
		AF598DD52816968500DA3589 /* Base */ = {isa = PBXFileReference; lastKnownFileType = file.storyboard; name = Base; path = Base.lproj/Main.storyboard; sourceTree = "<group>"; };
		AF598DD72816968600DA3589 /* Assets.xcassets */ = {isa = PBXFileReference; lastKnownFileType = folder.assetcatalog; path = Assets.xcassets; sourceTree = "<group>"; };
		AF598DDA2816968600DA3589 /* Base */ = {isa = PBXFileReference; lastKnownFileType = file.storyboard; name = Base; path = Base.lproj/LaunchScreen.storyboard; sourceTree = "<group>"; };
		AF598DE12816968600DA3589 /* RUNSAPPTests.xctest */ = {isa = PBXFileReference; explicitFileType = wrapper.cfbundle; includeInIndex = 0; path = RUNSAPPTests.xctest; sourceTree = BUILT_PRODUCTS_DIR; };
		AF598DE52816968600DA3589 /* RUNSAPPTests.swift */ = {isa = PBXFileReference; lastKnownFileType = sourcecode.swift; path = RUNSAPPTests.swift; sourceTree = "<group>"; };
		AF598DEB2816968600DA3589 /* RUNSAPPUITests.xctest */ = {isa = PBXFileReference; explicitFileType = wrapper.cfbundle; includeInIndex = 0; path = RUNSAPPUITests.xctest; sourceTree = BUILT_PRODUCTS_DIR; };
		AF598DEF2816968600DA3589 /* RUNSAPPUITests.swift */ = {isa = PBXFileReference; lastKnownFileType = sourcecode.swift; path = RUNSAPPUITests.swift; sourceTree = "<group>"; };
		AF598DF12816968600DA3589 /* RUNSAPPUITestsLaunchTests.swift */ = {isa = PBXFileReference; lastKnownFileType = sourcecode.swift; path = RUNSAPPUITestsLaunchTests.swift; sourceTree = "<group>"; };
		AF598DFF281696AA00DA3589 /* RatingViewController.xib */ = {isa = PBXFileReference; fileEncoding = 4; lastKnownFileType = file.xib; path = RatingViewController.xib; sourceTree = "<group>"; };
		AF598E00281696AA00DA3589 /* ApplyListTableViewCell.swift */ = {isa = PBXFileReference; fileEncoding = 4; lastKnownFileType = sourcecode.swift; path = ApplyListTableViewCell.swift; sourceTree = "<group>"; };
		AF598E01281696AA00DA3589 /* ApplyListViewController.swift */ = {isa = PBXFileReference; fileEncoding = 4; lastKnownFileType = sourcecode.swift; path = ApplyListViewController.swift; sourceTree = "<group>"; };
		AF598E02281696AA00DA3589 /* SelectedApplyListEditViewController.swift */ = {isa = PBXFileReference; fileEncoding = 4; lastKnownFileType = sourcecode.swift; path = SelectedApplyListEditViewController.swift; sourceTree = "<group>"; };
		AF598E03281696AA00DA3589 /* SelectedApplyListViewController.swift */ = {isa = PBXFileReference; fileEncoding = 4; lastKnownFileType = sourcecode.swift; path = SelectedApplyListViewController.swift; sourceTree = "<group>"; };
		AF598E05281696AA00DA3589 /* ResultViewController.swift */ = {isa = PBXFileReference; fileEncoding = 4; lastKnownFileType = sourcecode.swift; path = ResultViewController.swift; sourceTree = "<group>"; };
		AF598E06281696AA00DA3589 /* ApplyFormViewController.swift */ = {isa = PBXFileReference; fileEncoding = 4; lastKnownFileType = sourcecode.swift; path = ApplyFormViewController.swift; sourceTree = "<group>"; };
		AF598E08281696AA00DA3589 /* MemberRegistViewController.swift */ = {isa = PBXFileReference; fileEncoding = 4; lastKnownFileType = sourcecode.swift; path = MemberRegistViewController.swift; sourceTree = "<group>"; };
		AF598E09281696AA00DA3589 /* MemberAuthViewController.swift */ = {isa = PBXFileReference; fileEncoding = 4; lastKnownFileType = sourcecode.swift; path = MemberAuthViewController.swift; sourceTree = "<group>"; };
		AF598E0B281696AA00DA3589 /* RootHome1ViewController.swift */ = {isa = PBXFileReference; fileEncoding = 4; lastKnownFileType = sourcecode.swift; path = RootHome1ViewController.swift; sourceTree = "<group>"; };
		AF598E0C281696AA00DA3589 /* RootHome0ViewController.swift */ = {isa = PBXFileReference; fileEncoding = 4; lastKnownFileType = sourcecode.swift; path = RootHome0ViewController.swift; sourceTree = "<group>"; };
		AF598E0E281696AA00DA3589 /* ApplyUserRuleViewController.swift */ = {isa = PBXFileReference; fileEncoding = 4; lastKnownFileType = sourcecode.swift; path = ApplyUserRuleViewController.swift; sourceTree = "<group>"; };
		AF598E0F281696AA00DA3589 /* CoachingPlan2ViewController.swift */ = {isa = PBXFileReference; fileEncoding = 4; lastKnownFileType = sourcecode.swift; path = CoachingPlan2ViewController.swift; sourceTree = "<group>"; };
		AF598E10281696AA00DA3589 /* ApplyRootTopViewController.swift */ = {isa = PBXFileReference; fileEncoding = 4; lastKnownFileType = sourcecode.swift; path = ApplyRootTopViewController.swift; sourceTree = "<group>"; };
		AF598E11281696AA00DA3589 /* ApplyTopViewController.swift */ = {isa = PBXFileReference; fileEncoding = 4; lastKnownFileType = sourcecode.swift; path = ApplyTopViewController.swift; sourceTree = "<group>"; };
		AF598E12281696AA00DA3589 /* CoachingPlan1ViewController.swift */ = {isa = PBXFileReference; fileEncoding = 4; lastKnownFileType = sourcecode.swift; path = CoachingPlan1ViewController.swift; sourceTree = "<group>"; };
		AF598E14281696AB00DA3589 /* MenuTableViewCell.swift */ = {isa = PBXFileReference; fileEncoding = 4; lastKnownFileType = sourcecode.swift; path = MenuTableViewCell.swift; sourceTree = "<group>"; };
		AF598E15281696AB00DA3589 /* ProfileEditViewController.swift */ = {isa = PBXFileReference; fileEncoding = 4; lastKnownFileType = sourcecode.swift; path = ProfileEditViewController.swift; sourceTree = "<group>"; };
		AF598E16281696AB00DA3589 /* AppRuleViewController.swift */ = {isa = PBXFileReference; fileEncoding = 4; lastKnownFileType = sourcecode.swift; path = AppRuleViewController.swift; sourceTree = "<group>"; };
		AF598E17281696AB00DA3589 /* MeetingInfoViewController.swift */ = {isa = PBXFileReference; fileEncoding = 4; lastKnownFileType = sourcecode.swift; path = MeetingInfoViewController.swift; sourceTree = "<group>"; };
		AF598E18281696AB00DA3589 /* ProfileViewController.swift */ = {isa = PBXFileReference; fileEncoding = 4; lastKnownFileType = sourcecode.swift; path = ProfileViewController.swift; sourceTree = "<group>"; };
		AF598E19281696AB00DA3589 /* CoachListTableViewCell.swift */ = {isa = PBXFileReference; fileEncoding = 4; lastKnownFileType = sourcecode.swift; path = CoachListTableViewCell.swift; sourceTree = "<group>"; };
		AF598E1A281696AB00DA3589 /* CoachListViewController.swift */ = {isa = PBXFileReference; fileEncoding = 4; lastKnownFileType = sourcecode.swift; path = CoachListViewController.swift; sourceTree = "<group>"; };
		AF598E1B281696AB00DA3589 /* MenuViewController.swift */ = {isa = PBXFileReference; fileEncoding = 4; lastKnownFileType = sourcecode.swift; path = MenuViewController.swift; sourceTree = "<group>"; };
		AF598E1C281696AB00DA3589 /* MeetingInfoTableViewCell.swift */ = {isa = PBXFileReference; fileEncoding = 4; lastKnownFileType = sourcecode.swift; path = MeetingInfoTableViewCell.swift; sourceTree = "<group>"; };
		AF598E1E281696AB00DA3589 /* ChatFormViewController.swift */ = {isa = PBXFileReference; fileEncoding = 4; lastKnownFileType = sourcecode.swift; path = ChatFormViewController.swift; sourceTree = "<group>"; };
		AF598E1F281696AB00DA3589 /* ChatListTableViewCell.swift */ = {isa = PBXFileReference; fileEncoding = 4; lastKnownFileType = sourcecode.swift; path = ChatListTableViewCell.swift; sourceTree = "<group>"; };
		AF598E20281696AB00DA3589 /* ChatListViewController.swift */ = {isa = PBXFileReference; fileEncoding = 4; lastKnownFileType = sourcecode.swift; path = ChatListViewController.swift; sourceTree = "<group>"; };
		AF598E21281696AB00DA3589 /* ChatInputAccessoryView.swift */ = {isa = PBXFileReference; fileEncoding = 4; lastKnownFileType = sourcecode.swift; path = ChatInputAccessoryView.swift; sourceTree = "<group>"; };
		AF598E22281696AB00DA3589 /* ChatInputAccessoryView.xib */ = {isa = PBXFileReference; fileEncoding = 4; lastKnownFileType = file.xib; path = ChatInputAccessoryView.xib; sourceTree = "<group>"; };
		AF598E23281696AB00DA3589 /* SelectedChatListTableViewCell.swift */ = {isa = PBXFileReference; fileEncoding = 4; lastKnownFileType = sourcecode.swift; path = SelectedChatListTableViewCell.swift; sourceTree = "<group>"; };
		AF598E24281696AB00DA3589 /* SelectedChatListViewController.swift */ = {isa = PBXFileReference; fileEncoding = 4; lastKnownFileType = sourcecode.swift; path = SelectedChatListViewController.swift; sourceTree = "<group>"; };
		AF9E8B832817ADD700D22ED3 /* Info.plist */ = {isa = PBXFileReference; fileEncoding = 4; lastKnownFileType = text.plist.xml; name = Info.plist; path = ../../../../../../.Trash/Info.plist; sourceTree = "<group>"; };
		AF9E8B862817AF7800D22ED3 /* GoogleService-Info.plist */ = {isa = PBXFileReference; lastKnownFileType = text.plist.xml; path = "GoogleService-Info.plist"; sourceTree = "<group>"; };
		AFB3AC902816AA3C003E2969 /* RatingViewController.swift */ = {isa = PBXFileReference; fileEncoding = 4; lastKnownFileType = sourcecode.swift; path = RatingViewController.swift; sourceTree = "<group>"; };
		AFF747372817C381007CF604 /* RUNSAPP.entitlements */ = {isa = PBXFileReference; lastKnownFileType = text.plist.entitlements; path = RUNSAPP.entitlements; sourceTree = "<group>"; };
/* End PBXFileReference section */

/* Begin PBXFrameworksBuildPhase section */
		AF598DC82816968500DA3589 /* Frameworks */ = {
			isa = PBXFrameworksBuildPhase;
			buildActionMask = 2147483647;
			files = (
				A9BA0D9374E4AA97C61ACA8A /* Pods_RUNSAPP.framework in Frameworks */,
			);
			runOnlyForDeploymentPostprocessing = 0;
		};
		AF598DDE2816968600DA3589 /* Frameworks */ = {
			isa = PBXFrameworksBuildPhase;
			buildActionMask = 2147483647;
			files = (
			);
			runOnlyForDeploymentPostprocessing = 0;
		};
		AF598DE82816968600DA3589 /* Frameworks */ = {
			isa = PBXFrameworksBuildPhase;
			buildActionMask = 2147483647;
			files = (
			);
			runOnlyForDeploymentPostprocessing = 0;
		};
/* End PBXFrameworksBuildPhase section */

/* Begin PBXGroup section */
		446ECE0CB54491C66C2210D0 /* Pods */ = {
			isa = PBXGroup;
			children = (
				5C0B4FA03D72FBD0A552FF29 /* Pods-RUNSAPP.debug.xcconfig */,
				6436BF8281202FDC4409555D /* Pods-RUNSAPP.release.xcconfig */,
			);
			path = Pods;
			sourceTree = "<group>";
		};
		8ADF33BA6642B5D863CA6A87 /* Frameworks */ = {
			isa = PBXGroup;
			children = (
				1D01FA04A88B8797C3F9EE13 /* Pods_RUNSAPP.framework */,
			);
			name = Frameworks;
			sourceTree = "<group>";
		};
		AF598DC22816968500DA3589 = {
			isa = PBXGroup;
			children = (
				AF598DCD2816968500DA3589 /* RUNSAPP */,
				AF598DE42816968600DA3589 /* RUNSAPPTests */,
				AF598DEE2816968600DA3589 /* RUNSAPPUITests */,
				AF598DCC2816968500DA3589 /* Products */,
				446ECE0CB54491C66C2210D0 /* Pods */,
				8ADF33BA6642B5D863CA6A87 /* Frameworks */,
			);
			sourceTree = "<group>";
		};
		AF598DCC2816968500DA3589 /* Products */ = {
			isa = PBXGroup;
			children = (
				AF598DCB2816968500DA3589 /* RUNSAPP.app */,
				AF598DE12816968600DA3589 /* RUNSAPPTests.xctest */,
				AF598DEB2816968600DA3589 /* RUNSAPPUITests.xctest */,
			);
			name = Products;
			sourceTree = "<group>";
		};
		AF598DCD2816968500DA3589 /* RUNSAPP */ = {
			isa = PBXGroup;
			children = (
				AFF747372817C381007CF604 /* RUNSAPP.entitlements */,
				AF598DCE2816968500DA3589 /* AppDelegate.swift */,
				AF598DD02816968500DA3589 /* SceneDelegate.swift */,
				AF598DD22816968500DA3589 /* ViewController.swift */,
				AF598DD42816968500DA3589 /* Main.storyboard */,
				AF598DD72816968600DA3589 /* Assets.xcassets */,
				AF598DD92816968600DA3589 /* LaunchScreen.storyboard */,
				AF9E8B832817ADD700D22ED3 /* Info.plist */,
				AF9E8B862817AF7800D22ED3 /* GoogleService-Info.plist */,
				AF598E07281696AA00DA3589 /* Auth */,
				AF598E0A281696AA00DA3589 /* RootHome */,
				AF598E0D281696AA00DA3589 /* ApplyTop */,
				AF598DFE281696AA00DA3589 /* Apply */,
				AF598E1D281696AB00DA3589 /* Chat */,
				AF598E13281696AB00DA3589 /* SideView */,
			);
			path = RUNSAPP;
			sourceTree = "<group>";
		};
		AF598DE42816968600DA3589 /* RUNSAPPTests */ = {
			isa = PBXGroup;
			children = (
				AF598DE52816968600DA3589 /* RUNSAPPTests.swift */,
			);
			path = RUNSAPPTests;
			sourceTree = "<group>";
		};
		AF598DEE2816968600DA3589 /* RUNSAPPUITests */ = {
			isa = PBXGroup;
			children = (
				AF598DEF2816968600DA3589 /* RUNSAPPUITests.swift */,
				AF598DF12816968600DA3589 /* RUNSAPPUITestsLaunchTests.swift */,
			);
			path = RUNSAPPUITests;
			sourceTree = "<group>";
		};
		AF598DFE281696AA00DA3589 /* Apply */ = {
			isa = PBXGroup;
			children = (
				AF598DFF281696AA00DA3589 /* RatingViewController.xib */,
				AFB3AC902816AA3C003E2969 /* RatingViewController.swift */,
				AF598E00281696AA00DA3589 /* ApplyListTableViewCell.swift */,
				AF598E01281696AA00DA3589 /* ApplyListViewController.swift */,
				AF598E03281696AA00DA3589 /* SelectedApplyListViewController.swift */,
				AF598E02281696AA00DA3589 /* SelectedApplyListEditViewController.swift */,
				AF598E05281696AA00DA3589 /* ResultViewController.swift */,
				AF598E06281696AA00DA3589 /* ApplyFormViewController.swift */,
			);
			path = Apply;
			sourceTree = "<group>";
		};
		AF598E07281696AA00DA3589 /* Auth */ = {
			isa = PBXGroup;
			children = (
				AF598E08281696AA00DA3589 /* MemberRegistViewController.swift */,
				AF598E09281696AA00DA3589 /* MemberAuthViewController.swift */,
			);
			path = Auth;
			sourceTree = "<group>";
		};
		AF598E0A281696AA00DA3589 /* RootHome */ = {
			isa = PBXGroup;
			children = (
				AF598E0C281696AA00DA3589 /* RootHome0ViewController.swift */,
				AF598E0B281696AA00DA3589 /* RootHome1ViewController.swift */,
			);
			path = RootHome;
			sourceTree = "<group>";
		};
		AF598E0D281696AA00DA3589 /* ApplyTop */ = {
			isa = PBXGroup;
			children = (
				AF598E0E281696AA00DA3589 /* ApplyUserRuleViewController.swift */,
				AF598E10281696AA00DA3589 /* ApplyRootTopViewController.swift */,
				AF598E11281696AA00DA3589 /* ApplyTopViewController.swift */,
				AF17FE562817B6AC00261AA8 /* CoachingPlan0ViewController.swift */,
				AF598E12281696AA00DA3589 /* CoachingPlan1ViewController.swift */,
				AF598E0F281696AA00DA3589 /* CoachingPlan2ViewController.swift */,
			);
			path = ApplyTop;
			sourceTree = "<group>";
		};
		AF598E13281696AB00DA3589 /* SideView */ = {
			isa = PBXGroup;
			children = (
				AF598E14281696AB00DA3589 /* MenuTableViewCell.swift */,
				AF598E16281696AB00DA3589 /* AppRuleViewController.swift */,
				AF598E17281696AB00DA3589 /* MeetingInfoViewController.swift */,
				AF598E18281696AB00DA3589 /* ProfileViewController.swift */,
				AF598E15281696AB00DA3589 /* ProfileEditViewController.swift */,
				AF598E19281696AB00DA3589 /* CoachListTableViewCell.swift */,
				AF598E1A281696AB00DA3589 /* CoachListViewController.swift */,
				AF598E1B281696AB00DA3589 /* MenuViewController.swift */,
				AF598E1C281696AB00DA3589 /* MeetingInfoTableViewCell.swift */,
			);
			path = SideView;
			sourceTree = "<group>";
		};
		AF598E1D281696AB00DA3589 /* Chat */ = {
			isa = PBXGroup;
			children = (
				AF598E1E281696AB00DA3589 /* ChatFormViewController.swift */,
				AF598E1F281696AB00DA3589 /* ChatListTableViewCell.swift */,
				AF598E20281696AB00DA3589 /* ChatListViewController.swift */,
				AF598E21281696AB00DA3589 /* ChatInputAccessoryView.swift */,
				AF598E22281696AB00DA3589 /* ChatInputAccessoryView.xib */,
				AF598E23281696AB00DA3589 /* SelectedChatListTableViewCell.swift */,
				AF598E24281696AB00DA3589 /* SelectedChatListViewController.swift */,
			);
			path = Chat;
			sourceTree = "<group>";
		};
/* End PBXGroup section */

/* Begin PBXNativeTarget section */
		AF598DCA2816968500DA3589 /* RUNSAPP */ = {
			isa = PBXNativeTarget;
			buildConfigurationList = AF598DF52816968600DA3589 /* Build configuration list for PBXNativeTarget "RUNSAPP" */;
			buildPhases = (
				23893BC14DA043050ED6C106 /* [CP] Check Pods Manifest.lock */,
				AF598DC72816968500DA3589 /* Sources */,
				AF598DC82816968500DA3589 /* Frameworks */,
				817FE7373DFA38E8E73A61AB /* [CP] Embed Pods Frameworks */,
				6FDC1B1CABF3D5E2B3C6EE1A /* [CP] Copy Pods Resources */,
				AF9E8B932817B17700D22ED3 /* Resources */,
			);
			buildRules = (
			);
			dependencies = (
			);
			name = RUNSAPP;
			productName = RUNSAPP;
			productReference = AF598DCB2816968500DA3589 /* RUNSAPP.app */;
			productType = "com.apple.product-type.application";
		};
		AF598DE02816968600DA3589 /* RUNSAPPTests */ = {
			isa = PBXNativeTarget;
			buildConfigurationList = AF598DF82816968600DA3589 /* Build configuration list for PBXNativeTarget "RUNSAPPTests" */;
			buildPhases = (
				AF598DDD2816968600DA3589 /* Sources */,
				AF598DDE2816968600DA3589 /* Frameworks */,
				AF598DDF2816968600DA3589 /* Resources */,
			);
			buildRules = (
			);
			dependencies = (
				AF598DE32816968600DA3589 /* PBXTargetDependency */,
			);
			name = RUNSAPPTests;
			productName = RUNSAPPTests;
			productReference = AF598DE12816968600DA3589 /* RUNSAPPTests.xctest */;
			productType = "com.apple.product-type.bundle.unit-test";
		};
		AF598DEA2816968600DA3589 /* RUNSAPPUITests */ = {
			isa = PBXNativeTarget;
			buildConfigurationList = AF598DFB2816968600DA3589 /* Build configuration list for PBXNativeTarget "RUNSAPPUITests" */;
			buildPhases = (
				AF598DE72816968600DA3589 /* Sources */,
				AF598DE82816968600DA3589 /* Frameworks */,
				AF598DE92816968600DA3589 /* Resources */,
			);
			buildRules = (
			);
			dependencies = (
				AF598DED2816968600DA3589 /* PBXTargetDependency */,
			);
			name = RUNSAPPUITests;
			productName = RUNSAPPUITests;
			productReference = AF598DEB2816968600DA3589 /* RUNSAPPUITests.xctest */;
			productType = "com.apple.product-type.bundle.ui-testing";
		};
/* End PBXNativeTarget section */

/* Begin PBXProject section */
		AF598DC32816968500DA3589 /* Project object */ = {
			isa = PBXProject;
			attributes = {
				BuildIndependentTargetsInParallel = 1;
				LastSwiftUpdateCheck = 1330;
				LastUpgradeCheck = 1330;
				TargetAttributes = {
					AF598DCA2816968500DA3589 = {
						CreatedOnToolsVersion = 13.3;
					};
					AF598DE02816968600DA3589 = {
						CreatedOnToolsVersion = 13.3;
						TestTargetID = AF598DCA2816968500DA3589;
					};
					AF598DEA2816968600DA3589 = {
						CreatedOnToolsVersion = 13.3;
						TestTargetID = AF598DCA2816968500DA3589;
					};
				};
			};
			buildConfigurationList = AF598DC62816968500DA3589 /* Build configuration list for PBXProject "RUNSAPP" */;
			compatibilityVersion = "Xcode 13.0";
			developmentRegion = en;
			hasScannedForEncodings = 0;
			knownRegions = (
				en,
				Base,
			);
			mainGroup = AF598DC22816968500DA3589;
			productRefGroup = AF598DCC2816968500DA3589 /* Products */;
			projectDirPath = "";
			projectRoot = "";
			targets = (
				AF598DCA2816968500DA3589 /* RUNSAPP */,
				AF598DE02816968600DA3589 /* RUNSAPPTests */,
				AF598DEA2816968600DA3589 /* RUNSAPPUITests */,
			);
		};
/* End PBXProject section */

/* Begin PBXResourcesBuildPhase section */
		AF598DDF2816968600DA3589 /* Resources */ = {
			isa = PBXResourcesBuildPhase;
			buildActionMask = 2147483647;
			files = (
			);
			runOnlyForDeploymentPostprocessing = 0;
		};
		AF598DE92816968600DA3589 /* Resources */ = {
			isa = PBXResourcesBuildPhase;
			buildActionMask = 2147483647;
			files = (
			);
			runOnlyForDeploymentPostprocessing = 0;
		};
		AF9E8B932817B17700D22ED3 /* Resources */ = {
			isa = PBXResourcesBuildPhase;
			buildActionMask = 2147483647;
			files = (
				AF9E8B942817B18A00D22ED3 /* Main.storyboard in Resources */,
				AF9E8B952817B18A00D22ED3 /* Assets.xcassets in Resources */,
				AF9E8B962817B18A00D22ED3 /* LaunchScreen.storyboard in Resources */,
				AF9E8B972817B18A00D22ED3 /* GoogleService-Info.plist in Resources */,
				AF9E8B982817B18A00D22ED3 /* RatingViewController.xib in Resources */,
				AF9E8B992817B18A00D22ED3 /* ChatInputAccessoryView.xib in Resources */,
			);
			runOnlyForDeploymentPostprocessing = 0;
		};
/* End PBXResourcesBuildPhase section */

/* Begin PBXShellScriptBuildPhase section */
		23893BC14DA043050ED6C106 /* [CP] Check Pods Manifest.lock */ = {
			isa = PBXShellScriptBuildPhase;
			buildActionMask = 2147483647;
			files = (
			);
			inputFileListPaths = (
			);
			inputPaths = (
				"${PODS_PODFILE_DIR_PATH}/Podfile.lock",
				"${PODS_ROOT}/Manifest.lock",
			);
			name = "[CP] Check Pods Manifest.lock";
			outputFileListPaths = (
			);
			outputPaths = (
				"$(DERIVED_FILE_DIR)/Pods-RUNSAPP-checkManifestLockResult.txt",
			);
			runOnlyForDeploymentPostprocessing = 0;
			shellPath = /bin/sh;
			shellScript = "diff \"${PODS_PODFILE_DIR_PATH}/Podfile.lock\" \"${PODS_ROOT}/Manifest.lock\" > /dev/null\nif [ $? != 0 ] ; then\n    # print error to STDERR\n    echo \"error: The sandbox is not in sync with the Podfile.lock. Run 'pod install' or update your CocoaPods installation.\" >&2\n    exit 1\nfi\n# This output is used by Xcode 'outputs' to avoid re-running this script phase.\necho \"SUCCESS\" > \"${SCRIPT_OUTPUT_FILE_0}\"\n";
			showEnvVarsInLog = 0;
		};
		6FDC1B1CABF3D5E2B3C6EE1A /* [CP] Copy Pods Resources */ = {
			isa = PBXShellScriptBuildPhase;
			buildActionMask = 2147483647;
			files = (
			);
			inputFileListPaths = (
				"${PODS_ROOT}/Target Support Files/Pods-RUNSAPP/Pods-RUNSAPP-resources-${CONFIGURATION}-input-files.xcfilelist",
			);
			name = "[CP] Copy Pods Resources";
			outputFileListPaths = (
				"${PODS_ROOT}/Target Support Files/Pods-RUNSAPP/Pods-RUNSAPP-resources-${CONFIGURATION}-output-files.xcfilelist",
			);
			runOnlyForDeploymentPostprocessing = 0;
			shellPath = /bin/sh;
			shellScript = "\"${PODS_ROOT}/Target Support Files/Pods-RUNSAPP/Pods-RUNSAPP-resources.sh\"\n";
			showEnvVarsInLog = 0;
		};
		817FE7373DFA38E8E73A61AB /* [CP] Embed Pods Frameworks */ = {
			isa = PBXShellScriptBuildPhase;
			buildActionMask = 2147483647;
			files = (
			);
			inputFileListPaths = (
				"${PODS_ROOT}/Target Support Files/Pods-RUNSAPP/Pods-RUNSAPP-frameworks-${CONFIGURATION}-input-files.xcfilelist",
			);
			name = "[CP] Embed Pods Frameworks";
			outputFileListPaths = (
				"${PODS_ROOT}/Target Support Files/Pods-RUNSAPP/Pods-RUNSAPP-frameworks-${CONFIGURATION}-output-files.xcfilelist",
			);
			runOnlyForDeploymentPostprocessing = 0;
			shellPath = /bin/sh;
			shellScript = "\"${PODS_ROOT}/Target Support Files/Pods-RUNSAPP/Pods-RUNSAPP-frameworks.sh\"\n";
			showEnvVarsInLog = 0;
		};
/* End PBXShellScriptBuildPhase section */

/* Begin PBXSourcesBuildPhase section */
		AF598DC72816968500DA3589 /* Sources */ = {
			isa = PBXSourcesBuildPhase;
			buildActionMask = 2147483647;
			files = (
				AF598E2C281696AB00DA3589 /* MemberRegistViewController.swift in Sources */,
				AF598E26281696AB00DA3589 /* ApplyListTableViewCell.swift in Sources */,
				AF598E27281696AB00DA3589 /* ApplyListViewController.swift in Sources */,
				AF598E2D281696AB00DA3589 /* MemberAuthViewController.swift in Sources */,
				AF598E3A281696AB00DA3589 /* CoachListTableViewCell.swift in Sources */,
				AF598E3F281696AB00DA3589 /* ChatListTableViewCell.swift in Sources */,
				AF598E2B281696AB00DA3589 /* ApplyFormViewController.swift in Sources */,
				AF598E33281696AB00DA3589 /* ApplyTopViewController.swift in Sources */,
				AF598E3D281696AB00DA3589 /* MeetingInfoTableViewCell.swift in Sources */,
				AF598E3C281696AB00DA3589 /* MenuViewController.swift in Sources */,
				AF598E2F281696AB00DA3589 /* RootHome0ViewController.swift in Sources */,
				AF598E29281696AB00DA3589 /* SelectedApplyListViewController.swift in Sources */,
				AF598E38281696AB00DA3589 /* MeetingInfoViewController.swift in Sources */,
				AF598E2A281696AB00DA3589 /* ResultViewController.swift in Sources */,
				AF598E30281696AB00DA3589 /* ApplyUserRuleViewController.swift in Sources */,
				AF17FE572817B6AC00261AA8 /* CoachingPlan0ViewController.swift in Sources */,
				AF598E34281696AB00DA3589 /* CoachingPlan1ViewController.swift in Sources */,
				AF598E28281696AB00DA3589 /* SelectedApplyListEditViewController.swift in Sources */,
				AF598E35281696AB00DA3589 /* MenuTableViewCell.swift in Sources */,
				AF598DD32816968500DA3589 /* ViewController.swift in Sources */,
				AF598E39281696AB00DA3589 /* ProfileViewController.swift in Sources */,
				AF598DCF2816968500DA3589 /* AppDelegate.swift in Sources */,
				AFB3AC912816AA3C003E2969 /* RatingViewController.swift in Sources */,
				AF598E2E281696AB00DA3589 /* RootHome1ViewController.swift in Sources */,
				AF598E43281696AB00DA3589 /* SelectedChatListTableViewCell.swift in Sources */,
				AF598E3B281696AB00DA3589 /* CoachListViewController.swift in Sources */,
				AF598E3E281696AB00DA3589 /* ChatFormViewController.swift in Sources */,
				AF598E40281696AB00DA3589 /* ChatListViewController.swift in Sources */,
				AF598E41281696AB00DA3589 /* ChatInputAccessoryView.swift in Sources */,
				AF598E44281696AB00DA3589 /* SelectedChatListViewController.swift in Sources */,
				AF598E36281696AB00DA3589 /* ProfileEditViewController.swift in Sources */,
				AF598DD12816968500DA3589 /* SceneDelegate.swift in Sources */,
				AF598E32281696AB00DA3589 /* ApplyRootTopViewController.swift in Sources */,
				AF598E37281696AB00DA3589 /* AppRuleViewController.swift in Sources */,
				AF598E31281696AB00DA3589 /* CoachingPlan2ViewController.swift in Sources */,
			);
			runOnlyForDeploymentPostprocessing = 0;
		};
		AF598DDD2816968600DA3589 /* Sources */ = {
			isa = PBXSourcesBuildPhase;
			buildActionMask = 2147483647;
			files = (
				AF598DE62816968600DA3589 /* RUNSAPPTests.swift in Sources */,
			);
			runOnlyForDeploymentPostprocessing = 0;
		};
		AF598DE72816968600DA3589 /* Sources */ = {
			isa = PBXSourcesBuildPhase;
			buildActionMask = 2147483647;
			files = (
				AF598DF22816968600DA3589 /* RUNSAPPUITestsLaunchTests.swift in Sources */,
				AF598DF02816968600DA3589 /* RUNSAPPUITests.swift in Sources */,
			);
			runOnlyForDeploymentPostprocessing = 0;
		};
/* End PBXSourcesBuildPhase section */

/* Begin PBXTargetDependency section */
		AF598DE32816968600DA3589 /* PBXTargetDependency */ = {
			isa = PBXTargetDependency;
			target = AF598DCA2816968500DA3589 /* RUNSAPP */;
			targetProxy = AF598DE22816968600DA3589 /* PBXContainerItemProxy */;
		};
		AF598DED2816968600DA3589 /* PBXTargetDependency */ = {
			isa = PBXTargetDependency;
			target = AF598DCA2816968500DA3589 /* RUNSAPP */;
			targetProxy = AF598DEC2816968600DA3589 /* PBXContainerItemProxy */;
		};
/* End PBXTargetDependency section */

/* Begin PBXVariantGroup section */
		AF598DD42816968500DA3589 /* Main.storyboard */ = {
			isa = PBXVariantGroup;
			children = (
				AF598DD52816968500DA3589 /* Base */,
			);
			name = Main.storyboard;
			sourceTree = "<group>";
		};
		AF598DD92816968600DA3589 /* LaunchScreen.storyboard */ = {
			isa = PBXVariantGroup;
			children = (
				AF598DDA2816968600DA3589 /* Base */,
			);
			name = LaunchScreen.storyboard;
			sourceTree = "<group>";
		};
/* End PBXVariantGroup section */

/* Begin XCBuildConfiguration section */
		AF598DF32816968600DA3589 /* Debug */ = {
			isa = XCBuildConfiguration;
			buildSettings = {
				ALWAYS_SEARCH_USER_PATHS = NO;
				CLANG_ANALYZER_NONNULL = YES;
				CLANG_ANALYZER_NUMBER_OBJECT_CONVERSION = YES_AGGRESSIVE;
				CLANG_CXX_LANGUAGE_STANDARD = "gnu++17";
				CLANG_ENABLE_MODULES = YES;
				CLANG_ENABLE_OBJC_ARC = YES;
				CLANG_ENABLE_OBJC_WEAK = YES;
				CLANG_WARN_BLOCK_CAPTURE_AUTORELEASING = YES;
				CLANG_WARN_BOOL_CONVERSION = YES;
				CLANG_WARN_COMMA = YES;
				CLANG_WARN_CONSTANT_CONVERSION = YES;
				CLANG_WARN_DEPRECATED_OBJC_IMPLEMENTATIONS = YES;
				CLANG_WARN_DIRECT_OBJC_ISA_USAGE = YES_ERROR;
				CLANG_WARN_DOCUMENTATION_COMMENTS = YES;
				CLANG_WARN_EMPTY_BODY = YES;
				CLANG_WARN_ENUM_CONVERSION = YES;
				CLANG_WARN_INFINITE_RECURSION = YES;
				CLANG_WARN_INT_CONVERSION = YES;
				CLANG_WARN_NON_LITERAL_NULL_CONVERSION = YES;
				CLANG_WARN_OBJC_IMPLICIT_RETAIN_SELF = YES;
				CLANG_WARN_OBJC_LITERAL_CONVERSION = YES;
				CLANG_WARN_OBJC_ROOT_CLASS = YES_ERROR;
				CLANG_WARN_QUOTED_INCLUDE_IN_FRAMEWORK_HEADER = YES;
				CLANG_WARN_RANGE_LOOP_ANALYSIS = YES;
				CLANG_WARN_STRICT_PROTOTYPES = YES;
				CLANG_WARN_SUSPICIOUS_MOVE = YES;
				CLANG_WARN_UNGUARDED_AVAILABILITY = YES_AGGRESSIVE;
				CLANG_WARN_UNREACHABLE_CODE = YES;
				CLANG_WARN__DUPLICATE_METHOD_MATCH = YES;
				COPY_PHASE_STRIP = NO;
				DEBUG_INFORMATION_FORMAT = dwarf;
				ENABLE_STRICT_OBJC_MSGSEND = YES;
				ENABLE_TESTABILITY = YES;
				GCC_C_LANGUAGE_STANDARD = gnu11;
				GCC_DYNAMIC_NO_PIC = NO;
				GCC_NO_COMMON_BLOCKS = YES;
				GCC_OPTIMIZATION_LEVEL = 0;
				GCC_PREPROCESSOR_DEFINITIONS = (
					"DEBUG=1",
					"$(inherited)",
				);
				GCC_WARN_64_TO_32_BIT_CONVERSION = YES;
				GCC_WARN_ABOUT_RETURN_TYPE = YES_ERROR;
				GCC_WARN_UNDECLARED_SELECTOR = YES;
				GCC_WARN_UNINITIALIZED_AUTOS = YES_AGGRESSIVE;
				GCC_WARN_UNUSED_FUNCTION = YES;
				GCC_WARN_UNUSED_VARIABLE = YES;
				IPHONEOS_DEPLOYMENT_TARGET = 15.4;
				MTL_ENABLE_DEBUG_INFO = INCLUDE_SOURCE;
				MTL_FAST_MATH = YES;
				ONLY_ACTIVE_ARCH = YES;
				SDKROOT = iphoneos;
				SWIFT_ACTIVE_COMPILATION_CONDITIONS = DEBUG;
				SWIFT_OPTIMIZATION_LEVEL = "-Onone";
			};
			name = Debug;
		};
		AF598DF42816968600DA3589 /* Release */ = {
			isa = XCBuildConfiguration;
			buildSettings = {
				ALWAYS_SEARCH_USER_PATHS = NO;
				CLANG_ANALYZER_NONNULL = YES;
				CLANG_ANALYZER_NUMBER_OBJECT_CONVERSION = YES_AGGRESSIVE;
				CLANG_CXX_LANGUAGE_STANDARD = "gnu++17";
				CLANG_ENABLE_MODULES = YES;
				CLANG_ENABLE_OBJC_ARC = YES;
				CLANG_ENABLE_OBJC_WEAK = YES;
				CLANG_WARN_BLOCK_CAPTURE_AUTORELEASING = YES;
				CLANG_WARN_BOOL_CONVERSION = YES;
				CLANG_WARN_COMMA = YES;
				CLANG_WARN_CONSTANT_CONVERSION = YES;
				CLANG_WARN_DEPRECATED_OBJC_IMPLEMENTATIONS = YES;
				CLANG_WARN_DIRECT_OBJC_ISA_USAGE = YES_ERROR;
				CLANG_WARN_DOCUMENTATION_COMMENTS = YES;
				CLANG_WARN_EMPTY_BODY = YES;
				CLANG_WARN_ENUM_CONVERSION = YES;
				CLANG_WARN_INFINITE_RECURSION = YES;
				CLANG_WARN_INT_CONVERSION = YES;
				CLANG_WARN_NON_LITERAL_NULL_CONVERSION = YES;
				CLANG_WARN_OBJC_IMPLICIT_RETAIN_SELF = YES;
				CLANG_WARN_OBJC_LITERAL_CONVERSION = YES;
				CLANG_WARN_OBJC_ROOT_CLASS = YES_ERROR;
				CLANG_WARN_QUOTED_INCLUDE_IN_FRAMEWORK_HEADER = YES;
				CLANG_WARN_RANGE_LOOP_ANALYSIS = YES;
				CLANG_WARN_STRICT_PROTOTYPES = YES;
				CLANG_WARN_SUSPICIOUS_MOVE = YES;
				CLANG_WARN_UNGUARDED_AVAILABILITY = YES_AGGRESSIVE;
				CLANG_WARN_UNREACHABLE_CODE = YES;
				CLANG_WARN__DUPLICATE_METHOD_MATCH = YES;
				COPY_PHASE_STRIP = NO;
				DEBUG_INFORMATION_FORMAT = "dwarf-with-dsym";
				ENABLE_NS_ASSERTIONS = NO;
				ENABLE_STRICT_OBJC_MSGSEND = YES;
				GCC_C_LANGUAGE_STANDARD = gnu11;
				GCC_NO_COMMON_BLOCKS = YES;
				GCC_WARN_64_TO_32_BIT_CONVERSION = YES;
				GCC_WARN_ABOUT_RETURN_TYPE = YES_ERROR;
				GCC_WARN_UNDECLARED_SELECTOR = YES;
				GCC_WARN_UNINITIALIZED_AUTOS = YES_AGGRESSIVE;
				GCC_WARN_UNUSED_FUNCTION = YES;
				GCC_WARN_UNUSED_VARIABLE = YES;
				IPHONEOS_DEPLOYMENT_TARGET = 15.4;
				MTL_ENABLE_DEBUG_INFO = NO;
				MTL_FAST_MATH = YES;
				SDKROOT = iphoneos;
				SWIFT_COMPILATION_MODE = wholemodule;
				SWIFT_OPTIMIZATION_LEVEL = "-O";
				VALIDATE_PRODUCT = YES;
			};
			name = Release;
		};
		AF598DF62816968600DA3589 /* Debug */ = {
			isa = XCBuildConfiguration;
			baseConfigurationReference = 5C0B4FA03D72FBD0A552FF29 /* Pods-RUNSAPP.debug.xcconfig */;
			buildSettings = {
				ASSETCATALOG_COMPILER_APPICON_NAME = AppIcon;
				ASSETCATALOG_COMPILER_GLOBAL_ACCENT_COLOR_NAME = AccentColor;
				CODE_SIGN_ENTITLEMENTS = RUNSAPP/RUNSAPP.entitlements;
				CODE_SIGN_IDENTITY = "iPhone Distribution";
				CODE_SIGN_STYLE = Manual;
				CURRENT_PROJECT_VERSION = 1;
				DEVELOPMENT_TEAM = UV2U89362H;
				GENERATE_INFOPLIST_FILE = YES;
				INFOPLIST_FILE = RUNSAPP/Info.plist;
				INFOPLIST_KEY_CFBundleDisplayName = RUNS;
				INFOPLIST_KEY_NSPhotoLibraryUsageDescription = "コーチングの申込に必要な動画をアップロードします。";
				INFOPLIST_KEY_UIApplicationSupportsIndirectInputEvents = YES;
				INFOPLIST_KEY_UILaunchStoryboardName = LaunchScreen;
				INFOPLIST_KEY_UIMainStoryboardFile = Main;
				INFOPLIST_KEY_UISupportedInterfaceOrientations = UIInterfaceOrientationPortrait;
				INFOPLIST_KEY_UISupportedInterfaceOrientations_iPad = "UIInterfaceOrientationPortrait UIInterfaceOrientationPortraitUpsideDown UIInterfaceOrientationLandscapeLeft UIInterfaceOrientationLandscapeRight";
				INFOPLIST_KEY_UISupportedInterfaceOrientations_iPhone = "UIInterfaceOrientationPortrait UIInterfaceOrientationLandscapeLeft UIInterfaceOrientationLandscapeRight";
				INFOPLIST_KEY_UIUserInterfaceStyle = Light;
				LD_RUNPATH_SEARCH_PATHS = (
					"$(inherited)",
					"@executable_path/Frameworks",
				);
				MARKETING_VERSION = 1.0.1;
				PRODUCT_BUNDLE_IDENTIFIER = com.runsApp;
				PRODUCT_NAME = "$(TARGET_NAME)";
				PROVISIONING_PROFILE_SPECIFIER = RUNS_20220429;
				SWIFT_EMIT_LOC_STRINGS = YES;
				SWIFT_VERSION = 5.0;
				TARGETED_DEVICE_FAMILY = "1,2";
			};
			name = Debug;
		};
		AF598DF72816968600DA3589 /* Release */ = {
			isa = XCBuildConfiguration;
			baseConfigurationReference = 6436BF8281202FDC4409555D /* Pods-RUNSAPP.release.xcconfig */;
			buildSettings = {
				ASSETCATALOG_COMPILER_APPICON_NAME = AppIcon;
				ASSETCATALOG_COMPILER_GLOBAL_ACCENT_COLOR_NAME = AccentColor;
				CODE_SIGN_ENTITLEMENTS = RUNSAPP/RUNSAPP.entitlements;
				CODE_SIGN_IDENTITY = "iPhone Distribution";
				CODE_SIGN_STYLE = Manual;
				CURRENT_PROJECT_VERSION = 1;
				DEVELOPMENT_TEAM = UV2U89362H;
				GENERATE_INFOPLIST_FILE = YES;
				INFOPLIST_FILE = RUNSAPP/Info.plist;
				INFOPLIST_KEY_CFBundleDisplayName = RUNS;
				INFOPLIST_KEY_NSPhotoLibraryUsageDescription = "コーチングの申込に必要な動画をアップロードします。";
				INFOPLIST_KEY_UIApplicationSupportsIndirectInputEvents = YES;
				INFOPLIST_KEY_UILaunchStoryboardName = LaunchScreen;
				INFOPLIST_KEY_UIMainStoryboardFile = Main;
				INFOPLIST_KEY_UISupportedInterfaceOrientations = UIInterfaceOrientationPortrait;
				INFOPLIST_KEY_UISupportedInterfaceOrientations_iPad = "UIInterfaceOrientationPortrait UIInterfaceOrientationPortraitUpsideDown UIInterfaceOrientationLandscapeLeft UIInterfaceOrientationLandscapeRight";
				INFOPLIST_KEY_UISupportedInterfaceOrientations_iPhone = "UIInterfaceOrientationPortrait UIInterfaceOrientationLandscapeLeft UIInterfaceOrientationLandscapeRight";
				INFOPLIST_KEY_UIUserInterfaceStyle = Light;
				LD_RUNPATH_SEARCH_PATHS = (
					"$(inherited)",
					"@executable_path/Frameworks",
				);
				MARKETING_VERSION = 1.0.1;
				PRODUCT_BUNDLE_IDENTIFIER = com.runsApp;
				PRODUCT_NAME = "$(TARGET_NAME)";
				PROVISIONING_PROFILE_SPECIFIER = RUNS_20220429;
				SWIFT_EMIT_LOC_STRINGS = YES;
				SWIFT_VERSION = 5.0;
				TARGETED_DEVICE_FAMILY = "1,2";
			};
			name = Release;
		};
		AF598DF92816968600DA3589 /* Debug */ = {
			isa = XCBuildConfiguration;
			buildSettings = {
				ALWAYS_EMBED_SWIFT_STANDARD_LIBRARIES = YES;
				BUNDLE_LOADER = "$(TEST_HOST)";
				CODE_SIGN_STYLE = Automatic;
				CURRENT_PROJECT_VERSION = 1;
				DEVELOPMENT_TEAM = UV2U89362H;
				GENERATE_INFOPLIST_FILE = YES;
				IPHONEOS_DEPLOYMENT_TARGET = 15.4;
				MARKETING_VERSION = 1.0;
				PRODUCT_BUNDLE_IDENTIFIER = runstech.RUNSAPPTests;
				PRODUCT_NAME = "$(TARGET_NAME)";
				SWIFT_EMIT_LOC_STRINGS = NO;
				SWIFT_VERSION = 5.0;
				TARGETED_DEVICE_FAMILY = "1,2";
				TEST_HOST = "$(BUILT_PRODUCTS_DIR)/RUNSAPP.app/RUNSAPP";
			};
			name = Debug;
		};
		AF598DFA2816968600DA3589 /* Release */ = {
			isa = XCBuildConfiguration;
			buildSettings = {
				ALWAYS_EMBED_SWIFT_STANDARD_LIBRARIES = YES;
				BUNDLE_LOADER = "$(TEST_HOST)";
				CODE_SIGN_STYLE = Automatic;
				CURRENT_PROJECT_VERSION = 1;
				DEVELOPMENT_TEAM = UV2U89362H;
				GENERATE_INFOPLIST_FILE = YES;
				IPHONEOS_DEPLOYMENT_TARGET = 15.4;
				MARKETING_VERSION = 1.0;
				PRODUCT_BUNDLE_IDENTIFIER = runstech.RUNSAPPTests;
				PRODUCT_NAME = "$(TARGET_NAME)";
				SWIFT_EMIT_LOC_STRINGS = NO;
				SWIFT_VERSION = 5.0;
				TARGETED_DEVICE_FAMILY = "1,2";
				TEST_HOST = "$(BUILT_PRODUCTS_DIR)/RUNSAPP.app/RUNSAPP";
			};
			name = Release;
		};
		AF598DFC2816968600DA3589 /* Debug */ = {
			isa = XCBuildConfiguration;
			buildSettings = {
				ALWAYS_EMBED_SWIFT_STANDARD_LIBRARIES = YES;
				CODE_SIGN_STYLE = Automatic;
				CURRENT_PROJECT_VERSION = 1;
				DEVELOPMENT_TEAM = UV2U89362H;
				GENERATE_INFOPLIST_FILE = YES;
				MARKETING_VERSION = 1.0;
				PRODUCT_BUNDLE_IDENTIFIER = runstech.RUNSAPPUITests;
				PRODUCT_NAME = "$(TARGET_NAME)";
				SWIFT_EMIT_LOC_STRINGS = NO;
				SWIFT_VERSION = 5.0;
				TARGETED_DEVICE_FAMILY = "1,2";
				TEST_TARGET_NAME = RUNSAPP;
			};
			name = Debug;
		};
		AF598DFD2816968600DA3589 /* Release */ = {
			isa = XCBuildConfiguration;
			buildSettings = {
				ALWAYS_EMBED_SWIFT_STANDARD_LIBRARIES = YES;
				CODE_SIGN_STYLE = Automatic;
				CURRENT_PROJECT_VERSION = 1;
				DEVELOPMENT_TEAM = UV2U89362H;
				GENERATE_INFOPLIST_FILE = YES;
				MARKETING_VERSION = 1.0;
				PRODUCT_BUNDLE_IDENTIFIER = runstech.RUNSAPPUITests;
				PRODUCT_NAME = "$(TARGET_NAME)";
				SWIFT_EMIT_LOC_STRINGS = NO;
				SWIFT_VERSION = 5.0;
				TARGETED_DEVICE_FAMILY = "1,2";
				TEST_TARGET_NAME = RUNSAPP;
			};
			name = Release;
		};
/* End XCBuildConfiguration section */

/* Begin XCConfigurationList section */
		AF598DC62816968500DA3589 /* Build configuration list for PBXProject "RUNSAPP" */ = {
			isa = XCConfigurationList;
			buildConfigurations = (
				AF598DF32816968600DA3589 /* Debug */,
				AF598DF42816968600DA3589 /* Release */,
			);
			defaultConfigurationIsVisible = 0;
			defaultConfigurationName = Release;
		};
		AF598DF52816968600DA3589 /* Build configuration list for PBXNativeTarget "RUNSAPP" */ = {
			isa = XCConfigurationList;
			buildConfigurations = (
				AF598DF62816968600DA3589 /* Debug */,
				AF598DF72816968600DA3589 /* Release */,
			);
			defaultConfigurationIsVisible = 0;
			defaultConfigurationName = Release;
		};
		AF598DF82816968600DA3589 /* Build configuration list for PBXNativeTarget "RUNSAPPTests" */ = {
			isa = XCConfigurationList;
			buildConfigurations = (
				AF598DF92816968600DA3589 /* Debug */,
				AF598DFA2816968600DA3589 /* Release */,
			);
			defaultConfigurationIsVisible = 0;
			defaultConfigurationName = Release;
		};
		AF598DFB2816968600DA3589 /* Build configuration list for PBXNativeTarget "RUNSAPPUITests" */ = {
			isa = XCConfigurationList;
			buildConfigurations = (
				AF598DFC2816968600DA3589 /* Debug */,
				AF598DFD2816968600DA3589 /* Release */,
			);
			defaultConfigurationIsVisible = 0;
			defaultConfigurationName = Release;
		};
/* End XCConfigurationList section */
	};
	rootObject = AF598DC32816968500DA3589 /* Project object */;
}
